
Microsoft Visual Studio Solution File, Format Version 11.00
# Visual C# Express 2010
Project("{FAE04EC0-301F-11D3-BF4B-00C04F79EFBC}") = "SnapEncounters", "SnapEncounters\SnapEncounters.csproj", "{C45B25FB-11C4-48D3-BFC5-C904DBE3A695}"
EndProject
Project("{FAE04EC0-301F-11D3-BF4B-00C04F79EFBC}") = "SnapEncountersContent", "SnapEncountersContent\SnapEncountersContent.contentproj", "{DA772D43-2F5C-4FFD-99F6-E4518111FA28}"
EndProject
Project("{FAE04EC0-301F-11D3-BF4B-00C04F79EFBC}") = "SpiridiEngine", "..\..\SpiridiEngine\SpiridiEngine\SpiridiEngine.csproj", "{10D64754-B0F6-41A8-AE8C-2A27B40241D7}"
EndProject
Global
	GlobalSection(SolutionConfigurationPlatforms) = preSolution
		Debug|x86 = Debug|x86
		JSIL|x86 = JSIL|x86
		Release|x86 = Release|x86
	EndGlobalSection
	GlobalSection(ProjectConfigurationPlatforms) = postSolution
		{C45B25FB-11C4-48D3-BFC5-C904DBE3A695}.Debug|x86.ActiveCfg = Debug|x86
		{C45B25FB-11C4-48D3-BFC5-C904DBE3A695}.Debug|x86.Build.0 = Debug|x86
		{C45B25FB-11C4-48D3-BFC5-C904DBE3A695}.JSIL|x86.ActiveCfg = Release|x86
		{C45B25FB-11C4-48D3-BFC5-C904DBE3A695}.JSIL|x86.Build.0 = Release|x86
		{C45B25FB-11C4-48D3-BFC5-C904DBE3A695}.Release|x86.ActiveCfg = Release|x86
		{C45B25FB-11C4-48D3-BFC5-C904DBE3A695}.Release|x86.Build.0 = Release|x86
		{DA772D43-2F5C-4FFD-99F6-E4518111FA28}.Debug|x86.ActiveCfg = Debug|x86
		{DA772D43-2F5C-4FFD-99F6-E4518111FA28}.JSIL|x86.ActiveCfg = Release|x86
		{DA772D43-2F5C-4FFD-99F6-E4518111FA28}.Release|x86.ActiveCfg = Release|x86
		{10D64754-B0F6-41A8-AE8C-2A27B40241D7}.Debug|x86.ActiveCfg = Debug|x86
		{10D64754-B0F6-41A8-AE8C-2A27B40241D7}.Debug|x86.Build.0 = Debug|x86
		{10D64754-B0F6-41A8-AE8C-2A27B40241D7}.JSIL|x86.ActiveCfg = JSIL|x86
		{10D64754-B0F6-41A8-AE8C-2A27B40241D7}.JSIL|x86.Build.0 = JSIL|x86
		{10D64754-B0F6-41A8-AE8C-2A27B40241D7}.Release|x86.ActiveCfg = Release|x86
		{10D64754-B0F6-41A8-AE8C-2A27B40241D7}.Release|x86.Build.0 = Release|x86
	EndGlobalSection
	GlobalSection(SolutionProperties) = preSolution
		HideSolutionNode = FALSE
	EndGlobalSection
EndGlobal
